
Microsoft Visual Studio Solution File, Format Version 12.00
# Visual Studio Version 17
VisualStudioVersion = 17.11.35327.3
MinimumVisualStudioVersion = 10.0.40219.1
Project("{FAE04EC0-301F-11D3-BF4B-00C04F79EFBC}") = "LabaNo6", "LabaNo6\LabaNo6.csproj", "{4C3C5636-1128-40EA-BA8B-CF719DBADAF5}"
EndProject
Global
	GlobalSection(SolutionConfigurationPlatforms) = preSolution
		Debug|Any CPU = Debug|Any CPU
		Release|Any CPU = Release|Any CPU
	EndGlobalSection
	GlobalSection(ProjectConfigurationPlatforms) = postSolution
		{4C3C5636-1128-40EA-BA8B-CF719DBADAF5}.Debug|Any CPU.ActiveCfg = Debug|Any CPU
		{4C3C5636-1128-40EA-BA8B-CF719DBADAF5}.Debug|Any CPU.Build.0 = Debug|Any CPU
		{4C3C5636-1128-40EA-BA8B-CF719DBADAF5}.Release|Any CPU.ActiveCfg = Release|Any CPU
		{4C3C5636-1128-40EA-BA8B-CF719DBADAF5}.Release|Any CPU.Build.0 = Release|Any CPU
	EndGlobalSection
	GlobalSection(SolutionProperties) = preSolution
		HideSolutionNode = FALSE
	EndGlobalSection
	GlobalSection(ExtensibilityGlobals) = postSolution
		SolutionGuid = {50D9D633-7CFA-4796-8FDE-5E986100FDA2}
	EndGlobalSection
EndGlobal
